
Microsoft Visual Studio Solution File, Format Version 12.00
# Visual Studio Version 16
VisualStudioVersion = 25.0.1706.4
MinimumVisualStudioVersion = 10.0.40219.1
Project("{FAE04EC0-301F-11D3-BF4B-00C04F79EFBC}") = "HealthyPharmacyAPI", "HealthyPharmacyAPI\HealthyPharmacyAPI.csproj", "{1730343F-0AF2-433C-849B-BB9984090AA9}"
EndProject
Global
	GlobalSection(SolutionConfigurationPlatforms) = preSolution
		Debug|Any CPU = Debug|Any CPU
		Release|Any CPU = Release|Any CPU
	EndGlobalSection
	GlobalSection(ProjectConfigurationPlatforms) = postSolution
		{1730343F-0AF2-433C-849B-BB9984090AA9}.Debug|Any CPU.ActiveCfg = Debug|Any CPU
		{1730343F-0AF2-433C-849B-BB9984090AA9}.Debug|Any CPU.Build.0 = Debug|Any CPU
		{1730343F-0AF2-433C-849B-BB9984090AA9}.Release|Any CPU.ActiveCfg = Release|Any CPU
		{1730343F-0AF2-433C-849B-BB9984090AA9}.Release|Any CPU.Build.0 = Release|Any CPU
	EndGlobalSection
	GlobalSection(SolutionProperties) = preSolution
		HideSolutionNode = FALSE
	EndGlobalSection
	GlobalSection(ExtensibilityGlobals) = postSolution
		SolutionGuid = {0C265EFE-F7E3-4481-9CD8-934919AB31B4}
	EndGlobalSection
EndGlobal
